
Microsoft Visual Studio Solution File, Format Version 12.00
Project("{FAE04EC0-301F-11D3-BF4B-00C04F79EFBC}") = "CheckoutFeature", "CheckoutFeature\CheckoutFeature.csproj", "{BF46DCDE-F30E-4A7F-82B6-6A10FAAE3912}"
EndProject
Project("{FAE04EC0-301F-11D3-BF4B-00C04F79EFBC}") = "CheckoutFeature.UnitTests", "CheckoutFeature.UnitTests\CheckoutFeature.UnitTests.csproj", "{D06D02B1-B6E0-4777-8FD8-864ECAC5B19F}"
EndProject
Global
	GlobalSection(SolutionConfigurationPlatforms) = preSolution
		Debug|Any CPU = Debug|Any CPU
		Release|Any CPU = Release|Any CPU
	EndGlobalSection
	GlobalSection(ProjectConfigurationPlatforms) = postSolution
		{BF46DCDE-F30E-4A7F-82B6-6A10FAAE3912}.Debug|Any CPU.ActiveCfg = Debug|Any CPU
		{BF46DCDE-F30E-4A7F-82B6-6A10FAAE3912}.Debug|Any CPU.Build.0 = Debug|Any CPU
		{BF46DCDE-F30E-4A7F-82B6-6A10FAAE3912}.Release|Any CPU.ActiveCfg = Release|Any CPU
		{BF46DCDE-F30E-4A7F-82B6-6A10FAAE3912}.Release|Any CPU.Build.0 = Release|Any CPU
		{D06D02B1-B6E0-4777-8FD8-864ECAC5B19F}.Debug|Any CPU.ActiveCfg = Debug|Any CPU
		{D06D02B1-B6E0-4777-8FD8-864ECAC5B19F}.Debug|Any CPU.Build.0 = Debug|Any CPU
		{D06D02B1-B6E0-4777-8FD8-864ECAC5B19F}.Release|Any CPU.ActiveCfg = Release|Any CPU
		{D06D02B1-B6E0-4777-8FD8-864ECAC5B19F}.Release|Any CPU.Build.0 = Release|Any CPU
	EndGlobalSection
EndGlobal
